
Microsoft Visual Studio Solution File, Format Version 12.00
# Visual Studio Version 17
VisualStudioVersion = 17.7.34221.43
MinimumVisualStudioVersion = 10.0.40219.1
Project("{FAE04EC0-301F-11D3-BF4B-00C04F79EFBC}") = "democombobox", "democombobox.csproj", "{D08D8F6C-6AD2-44F4-BFD7-C942DC301FD7}"
EndProject
Global
	GlobalSection(SolutionConfigurationPlatforms) = preSolution
		Debug|Any CPU = Debug|Any CPU
		Release|Any CPU = Release|Any CPU
	EndGlobalSection
	GlobalSection(ProjectConfigurationPlatforms) = postSolution
		{D08D8F6C-6AD2-44F4-BFD7-C942DC301FD7}.Debug|Any CPU.ActiveCfg = Debug|Any CPU
		{D08D8F6C-6AD2-44F4-BFD7-C942DC301FD7}.Debug|Any CPU.Build.0 = Debug|Any CPU
		{D08D8F6C-6AD2-44F4-BFD7-C942DC301FD7}.Release|Any CPU.ActiveCfg = Release|Any CPU
		{D08D8F6C-6AD2-44F4-BFD7-C942DC301FD7}.Release|Any CPU.Build.0 = Release|Any CPU
	EndGlobalSection
	GlobalSection(SolutionProperties) = preSolution
		HideSolutionNode = FALSE
	EndGlobalSection
	GlobalSection(ExtensibilityGlobals) = postSolution
		SolutionGuid = {92094CEA-88C0-4A65-AEE7-DAD242D663AF}
	EndGlobalSection
EndGlobal
